
Microsoft Visual Studio Solution File, Format Version 12.00
# Visual Studio 2015
Project("{FAE04EC0-301F-11D3-BF4B-00C04F79EFBC}") = "LineMobaGame.CSharp.Plugins", "LineMobaGame.CSharp.Plugins.csproj", "{2A0149F9-D567-E77E-82F1-955FC7BA3AB8}"
EndProject
Project("{FAE04EC0-301F-11D3-BF4B-00C04F79EFBC}") = "LineMobaGame.CSharp", "LineMobaGame.CSharp.csproj", "{93028B98-9096-FCAD-4C3B-A7F03A9ADEF0}"
EndProject
Project("{FAE04EC0-301F-11D3-BF4B-00C04F79EFBC}") = "LineMobaGame.CSharp.Editor", "LineMobaGame.CSharp.Editor.csproj", "{BE8A23EB-8FA7-EE0F-E4BF-CF8AC1253024}"
EndProject
Global
	GlobalSection(SolutionConfigurationPlatforms) = preSolution
		Debug|Any CPU = Debug|Any CPU
		Release|Any CPU = Release|Any CPU
	EndGlobalSection
	GlobalSection(ProjectConfigurationPlatforms) = postSolution
		{2A0149F9-D567-E77E-82F1-955FC7BA3AB8}.Debug|Any CPU.ActiveCfg = Debug|Any CPU
		{2A0149F9-D567-E77E-82F1-955FC7BA3AB8}.Debug|Any CPU.Build.0 = Debug|Any CPU
		{2A0149F9-D567-E77E-82F1-955FC7BA3AB8}.Release|Any CPU.ActiveCfg = Release|Any CPU
		{2A0149F9-D567-E77E-82F1-955FC7BA3AB8}.Release|Any CPU.Build.0 = Release|Any CPU
		{93028B98-9096-FCAD-4C3B-A7F03A9ADEF0}.Debug|Any CPU.ActiveCfg = Debug|Any CPU
		{93028B98-9096-FCAD-4C3B-A7F03A9ADEF0}.Debug|Any CPU.Build.0 = Debug|Any CPU
		{93028B98-9096-FCAD-4C3B-A7F03A9ADEF0}.Release|Any CPU.ActiveCfg = Release|Any CPU
		{93028B98-9096-FCAD-4C3B-A7F03A9ADEF0}.Release|Any CPU.Build.0 = Release|Any CPU
		{BE8A23EB-8FA7-EE0F-E4BF-CF8AC1253024}.Debug|Any CPU.ActiveCfg = Debug|Any CPU
		{BE8A23EB-8FA7-EE0F-E4BF-CF8AC1253024}.Debug|Any CPU.Build.0 = Debug|Any CPU
		{BE8A23EB-8FA7-EE0F-E4BF-CF8AC1253024}.Release|Any CPU.ActiveCfg = Release|Any CPU
		{BE8A23EB-8FA7-EE0F-E4BF-CF8AC1253024}.Release|Any CPU.Build.0 = Release|Any CPU
	EndGlobalSection
	GlobalSection(SolutionProperties) = preSolution
		HideSolutionNode = FALSE
	EndGlobalSection
EndGlobal
